
Microsoft Visual Studio Solution File, Format Version 12.00
# Visual Studio 2012
Project("{FAE04EC0-301F-11D3-BF4B-00C04F79EFBC}") = "LibNoise", "LibNoise\LibNoise.csproj", "{987E8B87-A9A5-4472-8EA2-326DCF669D8E}"
EndProject
Project("{FAE04EC0-301F-11D3-BF4B-00C04F79EFBC}") = "MainTest", "MainTest\MainTest.csproj", "{FB314AB3-2B83-4404-8C77-65A4B4D64581}"
EndProject
Global
	GlobalSection(SolutionConfigurationPlatforms) = preSolution
		Debug|Any CPU = Debug|Any CPU
		Release|Any CPU = Release|Any CPU
	EndGlobalSection
	GlobalSection(ProjectConfigurationPlatforms) = postSolution
		{987E8B87-A9A5-4472-8EA2-326DCF669D8E}.Debug|Any CPU.ActiveCfg = Debug|Any CPU
		{987E8B87-A9A5-4472-8EA2-326DCF669D8E}.Debug|Any CPU.Build.0 = Debug|Any CPU
		{987E8B87-A9A5-4472-8EA2-326DCF669D8E}.Release|Any CPU.ActiveCfg = Release|Any CPU
		{987E8B87-A9A5-4472-8EA2-326DCF669D8E}.Release|Any CPU.Build.0 = Release|Any CPU
		{FB314AB3-2B83-4404-8C77-65A4B4D64581}.Debug|Any CPU.ActiveCfg = Debug|Any CPU
		{FB314AB3-2B83-4404-8C77-65A4B4D64581}.Debug|Any CPU.Build.0 = Debug|Any CPU
		{FB314AB3-2B83-4404-8C77-65A4B4D64581}.Release|Any CPU.ActiveCfg = Release|Any CPU
		{FB314AB3-2B83-4404-8C77-65A4B4D64581}.Release|Any CPU.Build.0 = Release|Any CPU
	EndGlobalSection
	GlobalSection(SolutionProperties) = preSolution
		HideSolutionNode = FALSE
	EndGlobalSection
EndGlobal
